// !$*UTF8*$!
{
	archiveVersion = 1;
	classes = {
	};
	objectVersion = 48;
	objects = {

/* Begin PBXBuildFile section */
		42B5BF3C20721E3100E25E6E /* AppDelegate.m in Sources */ = {isa = PBXBuildFile; fileRef = 42B5BF3B20721E3100E25E6E /* AppDelegate.m */; };
		42B5BF3F20721E3100E25E6E /* ViewController.m in Sources */ = {isa = PBXBuildFile; fileRef = 42B5BF3E20721E3100E25E6E /* ViewController.m */; };
		42B5BF4220721E3100E25E6E /* Main.storyboard in Resources */ = {isa = PBXBuildFile; fileRef = 42B5BF4020721E3100E25E6E /* Main.storyboard */; };
		42B5BF4420721E3100E25E6E /* Assets.xcassets in Resources */ = {isa = PBXBuildFile; fileRef = 42B5BF4320721E3100E25E6E /* Assets.xcassets */; };
		42B5BF4720721E3100E25E6E /* LaunchScreen.storyboard in Resources */ = {isa = PBXBuildFile; fileRef = 42B5BF4520721E3100E25E6E /* LaunchScreen.storyboard */; };
		42B5BF4A20721E3100E25E6E /* main.m in Sources */ = {isa = PBXBuildFile; fileRef = 42B5BF4920721E3100E25E6E /* main.m */; };
/* End PBXBuildFile section */

/* Begin PBXFileReference section */
		42B5BF3720721E3100E25E6E /* testMMap.app */ = {isa = PBXFileReference; explicitFileType = wrapper.application; includeInIndex = 0; path = testMMap.app; sourceTree = BUILT_PRODUCTS_DIR; };
		42B5BF3A20721E3100E25E6E /* AppDelegate.h */ = {isa = PBXFileReference; lastKnownFileType = sourcecode.c.h; path = AppDelegate.h; sourceTree = "<group>"; };
		42B5BF3B20721E3100E25E6E /* AppDelegate.m */ = {isa = PBXFileReference; lastKnownFileType = sourcecode.c.objc; path = AppDelegate.m; sourceTree = "<group>"; };
		42B5BF3D20721E3100E25E6E /* ViewController.h */ = {isa = PBXFileReference; lastKnownFileType = sourcecode.c.h; path = ViewController.h; sourceTree = "<group>"; };
		42B5BF3E20721E3100E25E6E /* ViewController.m */ = {isa = PBXFileReference; lastKnownFileType = sourcecode.c.objc; path = ViewController.m; sourceTree = "<group>"; };
		42B5BF4120721E3100E25E6E /* Base */ = {isa = PBXFileReference; lastKnownFileType = file.storyboard; name = Base; path = Base.lproj/Main.storyboard; sourceTree = "<group>"; };
		42B5BF4320721E3100E25E6E /* Assets.xcassets */ = {isa = PBXFileReference; lastKnownFileType = folder.assetcatalog; path = Assets.xcassets; sourceTree = "<group>"; };
		42B5BF4620721E3100E25E6E /* Base */ = {isa = PBXFileReference; lastKnownFileType = file.storyboard; name = Base; path = Base.lproj/LaunchScreen.storyboard; sourceTree = "<group>"; };
		42B5BF4820721E3100E25E6E /* Info.plist */ = {isa = PBXFileReference; lastKnownFileType = text.plist.xml; path = Info.plist; sourceTree = "<group>"; };
		42B5BF4920721E3100E25E6E /* main.m */ = {isa = PBXFileReference; lastKnownFileType = sourcecode.c.objc; path = main.m; sourceTree = "<group>"; };
/* End PBXFileReference section */

/* Begin PBXFrameworksBuildPhase section */
		42B5BF3420721E3100E25E6E /* Frameworks */ = {
			isa = PBXFrameworksBuildPhase;
			buildActionMask = 2147483647;
			files = (
			);
			runOnlyForDeploymentPostprocessing = 0;
		};
/* End PBXFrameworksBuildPhase section */

/* Begin PBXGroup section */
		42B5BF2E20721E3100E25E6E = {
			isa = PBXGroup;
			children = (
				42B5BF3920721E3100E25E6E /* testMMap */,
				42B5BF3820721E3100E25E6E /* Products */,
			);
			sourceTree = "<group>";
		};
		42B5BF3820721E3100E25E6E /* Products */ = {
			isa = PBXGroup;
			children = (
				42B5BF3720721E3100E25E6E /* testMMap.app */,
			);
			name = Products;
			sourceTree = "<group>";
		};
		42B5BF3920721E3100E25E6E /* testMMap */ = {
			isa = PBXGroup;
			children = (
				42B5BF3A20721E3100E25E6E /* AppDelegate.h */,
				42B5BF3B20721E3100E25E6E /* AppDelegate.m */,
				42B5BF3D20721E3100E25E6E /* ViewController.h */,
				42B5BF3E20721E3100E25E6E /* ViewController.m */,
				42B5BF4020721E3100E25E6E /* Main.storyboard */,
				42B5BF4320721E3100E25E6E /* Assets.xcassets */,
				42B5BF4520721E3100E25E6E /* LaunchScreen.storyboard */,
				42B5BF4820721E3100E25E6E /* Info.plist */,
				42B5BF4920721E3100E25E6E /* main.m */,
			);
			path = testMMap;
			sourceTree = "<group>";
		};
/* End PBXGroup section */

/* Begin PBXNativeTarget section */
		42B5BF3620721E3100E25E6E /* testMMap */ = {
			isa = PBXNativeTarget;
			buildConfigurationList = 42B5BF4D20721E3100E25E6E /* Build configuration list for PBXNativeTarget "testMMap" */;
			buildPhases = (
				42B5BF3320721E3100E25E6E /* Sources */,
				42B5BF3420721E3100E25E6E /* Frameworks */,
				42B5BF3520721E3100E25E6E /* Resources */,
			);
			buildRules = (
			);
			dependencies = (
			);
			name = testMMap;
			productName = testMMap;
			productReference = 42B5BF3720721E3100E25E6E /* testMMap.app */;
			productType = "com.apple.product-type.application";
		};
/* End PBXNativeTarget section */

/* Begin PBXProject section */
		42B5BF2F20721E3100E25E6E /* Project object */ = {
			isa = PBXProject;
			attributes = {
				LastUpgradeCheck = 0920;
				ORGANIZATIONNAME = FlyOceanFish;
				TargetAttributes = {
					42B5BF3620721E3100E25E6E = {
						CreatedOnToolsVersion = 9.2;
						ProvisioningStyle = Automatic;
					};
				};
			};
			buildConfigurationList = 42B5BF3220721E3100E25E6E /* Build configuration list for PBXProject "testMMap" */;
			compatibilityVersion = "Xcode 8.0";
			developmentRegion = en;
			hasScannedForEncodings = 0;
			knownRegions = (
				en,
				Base,
			);
			mainGroup = 42B5BF2E20721E3100E25E6E;
			productRefGroup = 42B5BF3820721E3100E25E6E /* Products */;
			projectDirPath = "";
			projectRoot = "";
			targets = (
				42B5BF3620721E3100E25E6E /* testMMap */,
			);
		};
/* End PBXProject section */

/* Begin PBXResourcesBuildPhase section */
		42B5BF3520721E3100E25E6E /* Resources */ = {
			isa = PBXResourcesBuildPhase;
			buildActionMask = 2147483647;
			files = (
				42B5BF4720721E3100E25E6E /* LaunchScreen.storyboard in Resources */,
				42B5BF4420721E3100E25E6E /* Assets.xcassets in Resources */,
				42B5BF4220721E3100E25E6E /* Main.storyboard in Resources */,
			);
			runOnlyForDeploymentPostprocessing = 0;
		};
/* End PBXResourcesBuildPhase section */

/* Begin PBXSourcesBuildPhase section */
		42B5BF3320721E3100E25E6E /* Sources */ = {
			isa = PBXSourcesBuildPhase;
			buildActionMask = 2147483647;
			files = (
				42B5BF3F20721E3100E25E6E /* ViewController.m in Sources */,
				42B5BF4A20721E3100E25E6E /* main.m in Sources */,
				42B5BF3C20721E3100E25E6E /* AppDelegate.m in Sources */,
			);
			runOnlyForDeploymentPostprocessing = 0;
		};
/* End PBXSourcesBuildPhase section */

/* Begin PBXVariantGroup section */
		42B5BF4020721E3100E25E6E /* Main.storyboard */ = {
			isa = PBXVariantGroup;
			children = (
				42B5BF4120721E3100E25E6E /* Base */,
			);
			name = Main.storyboard;
			sourceTree = "<group>";
		};
		42B5BF4520721E3100E25E6E /* LaunchScreen.storyboard */ = {
			isa = PBXVariantGroup;
			children = (
				42B5BF4620721E3100E25E6E /* Base */,
			);
			name = LaunchScreen.storyboard;
			sourceTree = "<group>";
		};
/* End PBXVariantGroup section */

/* Begin XCBuildConfiguration section */
		42B5BF4B20721E3100E25E6E /* Debug */ = {
			isa = XCBuildConfiguration;
			buildSettings = {
				ALWAYS_SEARCH_USER_PATHS = NO;
				CLANG_ANALYZER_NONNULL = YES;
				CLANG_ANALYZER_NUMBER_OBJECT_CONVERSION = YES_AGGRESSIVE;
				CLANG_CXX_LANGUAGE_STANDARD = "gnu++14";
				CLANG_CXX_LIBRARY = "libc++";
				CLANG_ENABLE_MODULES = YES;
				CLANG_ENABLE_OBJC_ARC = YES;
				CLANG_WARN_BLOCK_CAPTURE_AUTORELEASING = YES;
				CLANG_WARN_BOOL_CONVERSION = YES;
				CLANG_WARN_COMMA = YES;
				CLANG_WARN_CONSTANT_CONVERSION = YES;
				CLANG_WARN_DIRECT_OBJC_ISA_USAGE = YES_ERROR;
				CLANG_WARN_DOCUMENTATION_COMMENTS = YES;
				CLANG_WARN_EMPTY_BODY = YES;
				CLANG_WARN_ENUM_CONVERSION = YES;
				CLANG_WARN_INFINITE_RECURSION = YES;
				CLANG_WARN_INT_CONVERSION = YES;
				CLANG_WARN_NON_LITERAL_NULL_CONVERSION = YES;
				CLANG_WARN_OBJC_LITERAL_CONVERSION = YES;
				CLANG_WARN_OBJC_ROOT_CLASS = YES_ERROR;
				CLANG_WARN_RANGE_LOOP_ANALYSIS = YES;
				CLANG_WARN_STRICT_PROTOTYPES = YES;
				CLANG_WARN_SUSPICIOUS_MOVE = YES;
				CLANG_WARN_UNGUARDED_AVAILABILITY = YES_AGGRESSIVE;
				CLANG_WARN_UNREACHABLE_CODE = YES;
				CLANG_WARN__DUPLICATE_METHOD_MATCH = YES;
				CODE_SIGN_IDENTITY = "iPhone Developer";
				COPY_PHASE_STRIP = NO;
				DEBUG_INFORMATION_FORMAT = dwarf;
				ENABLE_STRICT_OBJC_MSGSEND = YES;
				ENABLE_TESTABILITY = YES;
				GCC_C_LANGUAGE_STANDARD = gnu11;
				GCC_DYNAMIC_NO_PIC = NO;
				GCC_NO_COMMON_BLOCKS = YES;
				GCC_OPTIMIZATION_LEVEL = 0;
				GCC_PREPROCESSOR_DEFINITIONS = (
					"DEBUG=1",
					"$(inherited)",
				);
				GCC_WARN_64_TO_32_BIT_CONVERSION = YES;
				GCC_WARN_ABOUT_RETURN_TYPE = YES_ERROR;
				GCC_WARN_UNDECLARED_SELECTOR = YES;
				GCC_WARN_UNINITIALIZED_AUTOS = YES_AGGRESSIVE;
				GCC_WARN_UNUSED_FUNCTION = YES;
				GCC_WARN_UNUSED_VARIABLE = YES;
				IPHONEOS_DEPLOYMENT_TARGET = 11.2;
				MTL_ENABLE_DEBUG_INFO = YES;
				ONLY_ACTIVE_ARCH = YES;
				SDKROOT = iphoneos;
			};
			name = Debug;
		};
		42B5BF4C20721E3100E25E6E /* Release */ = {
			isa = XCBuildConfiguration;
			buildSettings = {
				ALWAYS_SEARCH_USER_PATHS = NO;
				CLANG_ANALYZER_NONNULL = YES;
				CLANG_ANALYZER_NUMBER_OBJECT_CONVERSION = YES_AGGRESSIVE;
				CLANG_CXX_LANGUAGE_STANDARD = "gnu++14";
				CLANG_CXX_LIBRARY = "libc++";
				CLANG_ENABLE_MODULES = YES;
				CLANG_ENABLE_OBJC_ARC = YES;
				CLANG_WARN_BLOCK_CAPTURE_AUTORELEASING = YES;
				CLANG_WARN_BOOL_CONVERSION = YES;
				CLANG_WARN_COMMA = YES;
				CLANG_WARN_CONSTANT_CONVERSION = YES;
				CLANG_WARN_DIRECT_OBJC_ISA_USAGE = YES_ERROR;
				CLANG_WARN_DOCUMENTATION_COMMENTS = YES;
				CLANG_WARN_EMPTY_BODY = YES;
				CLANG_WARN_ENUM_CONVERSION = YES;
				CLANG_WARN_INFINITE_RECURSION = YES;
				CLANG_WARN_INT_CONVERSION = YES;
				CLANG_WARN_NON_LITERAL_NULL_CONVERSION = YES;
				CLANG_WARN_OBJC_LITERAL_CONVERSION = YES;
				CLANG_WARN_OBJC_ROOT_CLASS = YES_ERROR;
				CLANG_WARN_RANGE_LOOP_ANALYSIS = YES;
				CLANG_WARN_STRICT_PROTOTYPES = YES;
				CLANG_WARN_SUSPICIOUS_MOVE = YES;
				CLANG_WARN_UNGUARDED_AVAILABILITY = YES_AGGRESSIVE;
				CLANG_WARN_UNREACHABLE_CODE = YES;
				CLANG_WARN__DUPLICATE_METHOD_MATCH = YES;
				CODE_SIGN_IDENTITY = "iPhone Developer";
				COPY_PHASE_STRIP = NO;
				DEBUG_INFORMATION_FORMAT = "dwarf-with-dsym";
				ENABLE_NS_ASSERTIONS = NO;
				ENABLE_STRICT_OBJC_MSGSEND = YES;
				GCC_C_LANGUAGE_STANDARD = gnu11;
				GCC_NO_COMMON_BLOCKS = YES;
				GCC_WARN_64_TO_32_BIT_CONVERSION = YES;
				GCC_WARN_ABOUT_RETURN_TYPE = YES_ERROR;
				GCC_WARN_UNDECLARED_SELECTOR = YES;
				GCC_WARN_UNINITIALIZED_AUTOS = YES_AGGRESSIVE;
				GCC_WARN_UNUSED_FUNCTION = YES;
				GCC_WARN_UNUSED_VARIABLE = YES;
				IPHONEOS_DEPLOYMENT_TARGET = 11.2;
				MTL_ENABLE_DEBUG_INFO = NO;
				SDKROOT = iphoneos;
				VALIDATE_PRODUCT = YES;
			};
			name = Release;
		};
		42B5BF4E20721E3100E25E6E /* Debug */ = {
			isa = XCBuildConfiguration;
			buildSettings = {
				ASSETCATALOG_COMPILER_APPICON_NAME = AppIcon;
				CODE_SIGN_STYLE = Automatic;
				DEVELOPMENT_TEAM = EC23THMNG7;
				INFOPLIST_FILE = testMMap/Info.plist;
				IPHONEOS_DEPLOYMENT_TARGET = 10.1;
				LD_RUNPATH_SEARCH_PATHS = "$(inherited) @executable_path/Frameworks";
				PRODUCT_BUNDLE_IDENTIFIER = com.fof.testMMap;
				PRODUCT_NAME = "$(TARGET_NAME)";
				TARGETED_DEVICE_FAMILY = "1,2";
			};
			name = Debug;
		};
		42B5BF4F20721E3100E25E6E /* Release */ = {
			isa = XCBuildConfiguration;
			buildSettings = {
				ASSETCATALOG_COMPILER_APPICON_NAME = AppIcon;
				CODE_SIGN_STYLE = Automatic;
				DEVELOPMENT_TEAM = EC23THMNG7;
				INFOPLIST_FILE = testMMap/Info.plist;
				IPHONEOS_DEPLOYMENT_TARGET = 10.1;
				LD_RUNPATH_SEARCH_PATHS = "$(inherited) @executable_path/Frameworks";
				PRODUCT_BUNDLE_IDENTIFIER = com.fof.testMMap;
				PRODUCT_NAME = "$(TARGET_NAME)";
				TARGETED_DEVICE_FAMILY = "1,2";
			};
			name = Release;
		};
/* End XCBuildConfiguration section */

/* Begin XCConfigurationList section */
		42B5BF3220721E3100E25E6E /* Build configuration list for PBXProject "testMMap" */ = {
			isa = XCConfigurationList;
			buildConfigurations = (
				42B5BF4B20721E3100E25E6E /* Debug */,
				42B5BF4C20721E3100E25E6E /* Release */,
			);
			defaultConfigurationIsVisible = 0;
			defaultConfigurationName = Release;
		};
		42B5BF4D20721E3100E25E6E /* Build configuration list for PBXNativeTarget "testMMap" */ = {
			isa = XCConfigurationList;
			buildConfigurations = (
				42B5BF4E20721E3100E25E6E /* Debug */,
				42B5BF4F20721E3100E25E6E /* Release */,
			);
			defaultConfigurationIsVisible = 0;
			defaultConfigurationName = Release;
		};
/* End XCConfigurationList section */
	};
	rootObject = 42B5BF2F20721E3100E25E6E /* Project object */;
}
